
Microsoft Visual Studio Solution File, Format Version 12.00
# Visual Studio 2012
Project("{FAE04EC0-301F-11D3-BF4B-00C04F79EFBC}") = "FirstAndroidApp", "FirstAndroidApp\FirstAndroidApp.csproj", "{0977F3E7-9931-4B8A-92E3-18B26A6D927B}"
EndProject
Global
	GlobalSection(SolutionConfigurationPlatforms) = preSolution
		Debug|Any CPU = Debug|Any CPU
		Release|Any CPU = Release|Any CPU
	EndGlobalSection
	GlobalSection(ProjectConfigurationPlatforms) = postSolution
		{0977F3E7-9931-4B8A-92E3-18B26A6D927B}.Debug|Any CPU.ActiveCfg = Debug|Any CPU
		{0977F3E7-9931-4B8A-92E3-18B26A6D927B}.Debug|Any CPU.Build.0 = Debug|Any CPU
		{0977F3E7-9931-4B8A-92E3-18B26A6D927B}.Release|Any CPU.ActiveCfg = Release|Any CPU
		{0977F3E7-9931-4B8A-92E3-18B26A6D927B}.Release|Any CPU.Build.0 = Release|Any CPU
	EndGlobalSection
EndGlobal
